{
  "name": "lucis-api-query",
  "version": "0.5.1",
  "lockfileVersion": 1,
  "requires": true,
  "dependencies": {
    "deep-equal": {
      "version": "1.0.1",
      "resolved": "https://registry.npmjs.org/deep-equal/-/deep-equal-1.0.1.tgz",
      "integrity": "sha1-9dJgKStmDghO/0zbyfCK0yR0SLU="
    },
    "fast-json-patch": {
      "version": "2.0.6",
      "resolved": "https://registry.npmjs.org/fast-json-patch/-/fast-json-patch-2.0.6.tgz",
      "integrity": "sha1-hv/4+GYjkaqBlyKGTWMuYD5u5gU=",
      "requires": {
        "deep-equal": "1.0.1"
      }
    }
  }
}
